
Microsoft Visual Studio Solution File, Format Version 12.00
# Visual Studio Express 2013 for Web
VisualStudioVersion = 12.0.30723.0
MinimumVisualStudioVersion = 10.0.40219.1
Project("{F2A71F9B-5D33-465A-A702-920D77279786}") = "Client", "Client\Client.fsproj", "{9CFBD3CA-108D-4B8D-84A4-DD9C468AD25B}"
EndProject
Project("{F2A71F9B-5D33-465A-A702-920D77279786}") = "Server", "Server\Server.fsproj", "{88F8EB32-BD2E-47E7-B030-236FCB25F530}"
EndProject
Project("{2150E333-8FDC-42A3-9474-1A3956D46DE8}") = ".nuget", ".nuget", "{9F19C8A1-81BF-4E28-BB1E-BD94348DA295}"
	ProjectSection(SolutionItems) = preProject
		.nuget\packages.config = .nuget\packages.config
	EndProjectSection
EndProject
Global
	GlobalSection(SolutionConfigurationPlatforms) = preSolution
		Debug|Any CPU = Debug|Any CPU
		Release|Any CPU = Release|Any CPU
	EndGlobalSection
	GlobalSection(ProjectConfigurationPlatforms) = postSolution
		{9CFBD3CA-108D-4B8D-84A4-DD9C468AD25B}.Debug|Any CPU.ActiveCfg = Debug|Any CPU
		{9CFBD3CA-108D-4B8D-84A4-DD9C468AD25B}.Debug|Any CPU.Build.0 = Debug|Any CPU
		{9CFBD3CA-108D-4B8D-84A4-DD9C468AD25B}.Release|Any CPU.ActiveCfg = Release|Any CPU
		{9CFBD3CA-108D-4B8D-84A4-DD9C468AD25B}.Release|Any CPU.Build.0 = Release|Any CPU
		{88F8EB32-BD2E-47E7-B030-236FCB25F530}.Debug|Any CPU.ActiveCfg = Debug|Any CPU
		{88F8EB32-BD2E-47E7-B030-236FCB25F530}.Debug|Any CPU.Build.0 = Debug|Any CPU
		{88F8EB32-BD2E-47E7-B030-236FCB25F530}.Release|Any CPU.ActiveCfg = Release|Any CPU
		{88F8EB32-BD2E-47E7-B030-236FCB25F530}.Release|Any CPU.Build.0 = Release|Any CPU
	EndGlobalSection
	GlobalSection(SolutionProperties) = preSolution
		HideSolutionNode = FALSE
	EndGlobalSection
EndGlobal
